// !$*UTF8*$!
{
	archiveVersion = 1;
	classes = {
	};
	objectVersion = 50;
	objects = {

/* Begin PBXBuildFile section */
		01DE483420A7AB70007FAAE3 /* AppDelegate.swift in Sources */ = {isa = PBXBuildFile; fileRef = 01DE483320A7AB70007FAAE3 /* AppDelegate.swift */; };
		01DE483920A7AB70007FAAE3 /* Main.storyboard in Resources */ = {isa = PBXBuildFile; fileRef = 01DE483720A7AB70007FAAE3 /* Main.storyboard */; };
		01DE483B20A7AB71007FAAE3 /* Assets.xcassets in Resources */ = {isa = PBXBuildFile; fileRef = 01DE483A20A7AB71007FAAE3 /* Assets.xcassets */; };
		01DE483E20A7AB71007FAAE3 /* LaunchScreen.storyboard in Resources */ = {isa = PBXBuildFile; fileRef = 01DE483C20A7AB71007FAAE3 /* LaunchScreen.storyboard */; };
		01DE484D20A7B22E007FAAE3 /* SignUpViewController.swift in Sources */ = {isa = PBXBuildFile; fileRef = 01DE484C20A7B22E007FAAE3 /* SignUpViewController.swift */; };
		01DE485020A7B5F0007FAAE3 /* Extensions.swift in Sources */ = {isa = PBXBuildFile; fileRef = 01DE484F20A7B5F0007FAAE3 /* Extensions.swift */; };
/* End PBXBuildFile section */

/* Begin PBXFileReference section */
		01DE483020A7AB70007FAAE3 /* Leash.app */ = {isa = PBXFileReference; explicitFileType = wrapper.application; includeInIndex = 0; path = Leash.app; sourceTree = BUILT_PRODUCTS_DIR; };
		01DE483320A7AB70007FAAE3 /* AppDelegate.swift */ = {isa = PBXFileReference; lastKnownFileType = sourcecode.swift; path = AppDelegate.swift; sourceTree = "<group>"; };
		01DE483820A7AB70007FAAE3 /* Base */ = {isa = PBXFileReference; lastKnownFileType = file.storyboard; name = Base; path = Base.lproj/Main.storyboard; sourceTree = "<group>"; };
		01DE483A20A7AB71007FAAE3 /* Assets.xcassets */ = {isa = PBXFileReference; lastKnownFileType = folder.assetcatalog; path = Assets.xcassets; sourceTree = "<group>"; };
		01DE483D20A7AB71007FAAE3 /* Base */ = {isa = PBXFileReference; lastKnownFileType = file.storyboard; name = Base; path = Base.lproj/LaunchScreen.storyboard; sourceTree = "<group>"; };
		01DE483F20A7AB71007FAAE3 /* Info.plist */ = {isa = PBXFileReference; lastKnownFileType = text.plist.xml; path = Info.plist; sourceTree = "<group>"; };
		01DE484C20A7B22E007FAAE3 /* SignUpViewController.swift */ = {isa = PBXFileReference; lastKnownFileType = sourcecode.swift; path = SignUpViewController.swift; sourceTree = "<group>"; };
		01DE484F20A7B5F0007FAAE3 /* Extensions.swift */ = {isa = PBXFileReference; lastKnownFileType = sourcecode.swift; path = Extensions.swift; sourceTree = "<group>"; };
/* End PBXFileReference section */

/* Begin PBXFrameworksBuildPhase section */
		01DE482D20A7AB70007FAAE3 /* Frameworks */ = {
			isa = PBXFrameworksBuildPhase;
			buildActionMask = 2147483647;
			files = (
			);
			runOnlyForDeploymentPostprocessing = 0;
		};
/* End PBXFrameworksBuildPhase section */

/* Begin PBXGroup section */
		01DE482720A7AB70007FAAE3 = {
			isa = PBXGroup;
			children = (
				01DE483220A7AB70007FAAE3 /* Leash */,
				01DE483120A7AB70007FAAE3 /* Products */,
			);
			sourceTree = "<group>";
		};
		01DE483120A7AB70007FAAE3 /* Products */ = {
			isa = PBXGroup;
			children = (
				01DE483020A7AB70007FAAE3 /* Leash.app */,
			);
			name = Products;
			sourceTree = "<group>";
		};
		01DE483220A7AB70007FAAE3 /* Leash */ = {
			isa = PBXGroup;
			children = (
				01DE484920A7AC05007FAAE3 /* UI */,
				01DE484820A7ABFE007FAAE3 /* View Controllers */,
				01DE484720A7ABF5007FAAE3 /* Controllers */,
				01DE484620A7ABEE007FAAE3 /* Model Controller */,
				01DE484520A7ABE9007FAAE3 /* Model */,
				01DE484B20A7AC13007FAAE3 /* HelperFiles */,
				01DE484E20A7B5C5007FAAE3 /* Utilities */,
				01DE484A20A7AC0E007FAAE3 /* Resources */,
			);
			path = Leash;
			sourceTree = "<group>";
		};
		01DE484520A7ABE9007FAAE3 /* Model */ = {
			isa = PBXGroup;
			children = (
			);
			path = Model;
			sourceTree = "<group>";
		};
		01DE484620A7ABEE007FAAE3 /* Model Controller */ = {
			isa = PBXGroup;
			children = (
			);
			path = "Model Controller";
			sourceTree = "<group>";
		};
		01DE484720A7ABF5007FAAE3 /* Controllers */ = {
			isa = PBXGroup;
			children = (
			);
			path = Controllers;
			sourceTree = "<group>";
		};
		01DE484820A7ABFE007FAAE3 /* View Controllers */ = {
			isa = PBXGroup;
			children = (
				01DE484C20A7B22E007FAAE3 /* SignUpViewController.swift */,
			);
			path = "View Controllers";
			sourceTree = "<group>";
		};
		01DE484920A7AC05007FAAE3 /* UI */ = {
			isa = PBXGroup;
			children = (
				01DE483720A7AB70007FAAE3 /* Main.storyboard */,
				01DE483C20A7AB71007FAAE3 /* LaunchScreen.storyboard */,
			);
			path = UI;
			sourceTree = "<group>";
		};
		01DE484A20A7AC0E007FAAE3 /* Resources */ = {
			isa = PBXGroup;
			children = (
				01DE483320A7AB70007FAAE3 /* AppDelegate.swift */,
				01DE483A20A7AB71007FAAE3 /* Assets.xcassets */,
				01DE483F20A7AB71007FAAE3 /* Info.plist */,
			);
			path = Resources;
			sourceTree = "<group>";
		};
		01DE484B20A7AC13007FAAE3 /* HelperFiles */ = {
			isa = PBXGroup;
			children = (
			);
			path = HelperFiles;
			sourceTree = "<group>";
		};
		01DE484E20A7B5C5007FAAE3 /* Utilities */ = {
			isa = PBXGroup;
			children = (
				01DE484F20A7B5F0007FAAE3 /* Extensions.swift */,
			);
			path = Utilities;
			sourceTree = "<group>";
		};
/* End PBXGroup section */

/* Begin PBXNativeTarget section */
		01DE482F20A7AB70007FAAE3 /* Leash */ = {
			isa = PBXNativeTarget;
			buildConfigurationList = 01DE484220A7AB71007FAAE3 /* Build configuration list for PBXNativeTarget "Leash" */;
			buildPhases = (
				01DE482C20A7AB70007FAAE3 /* Sources */,
				01DE482D20A7AB70007FAAE3 /* Frameworks */,
				01DE482E20A7AB70007FAAE3 /* Resources */,
			);
			buildRules = (
			);
			dependencies = (
			);
			name = Leash;
			productName = Leash;
			productReference = 01DE483020A7AB70007FAAE3 /* Leash.app */;
			productType = "com.apple.product-type.application";
		};
/* End PBXNativeTarget section */

/* Begin PBXProject section */
		01DE482820A7AB70007FAAE3 /* Project object */ = {
			isa = PBXProject;
			attributes = {
				LastSwiftUpdateCheck = 0930;
				LastUpgradeCheck = 0930;
				ORGANIZATIONNAME = "Nick Reichard";
				TargetAttributes = {
					01DE482F20A7AB70007FAAE3 = {
						CreatedOnToolsVersion = 9.3.1;
					};
				};
			};
			buildConfigurationList = 01DE482B20A7AB70007FAAE3 /* Build configuration list for PBXProject "Leash" */;
			compatibilityVersion = "Xcode 9.3";
			developmentRegion = en;
			hasScannedForEncodings = 0;
			knownRegions = (
				en,
				Base,
			);
			mainGroup = 01DE482720A7AB70007FAAE3;
			productRefGroup = 01DE483120A7AB70007FAAE3 /* Products */;
			projectDirPath = "";
			projectRoot = "";
			targets = (
				01DE482F20A7AB70007FAAE3 /* Leash */,
			);
		};
/* End PBXProject section */

/* Begin PBXResourcesBuildPhase section */
		01DE482E20A7AB70007FAAE3 /* Resources */ = {
			isa = PBXResourcesBuildPhase;
			buildActionMask = 2147483647;
			files = (
				01DE483E20A7AB71007FAAE3 /* LaunchScreen.storyboard in Resources */,
				01DE483B20A7AB71007FAAE3 /* Assets.xcassets in Resources */,
				01DE483920A7AB70007FAAE3 /* Main.storyboard in Resources */,
			);
			runOnlyForDeploymentPostprocessing = 0;
		};
/* End PBXResourcesBuildPhase section */

/* Begin PBXSourcesBuildPhase section */
		01DE482C20A7AB70007FAAE3 /* Sources */ = {
			isa = PBXSourcesBuildPhase;
			buildActionMask = 2147483647;
			files = (
				01DE484D20A7B22E007FAAE3 /* SignUpViewController.swift in Sources */,
				01DE485020A7B5F0007FAAE3 /* Extensions.swift in Sources */,
				01DE483420A7AB70007FAAE3 /* AppDelegate.swift in Sources */,
			);
			runOnlyForDeploymentPostprocessing = 0;
		};
/* End PBXSourcesBuildPhase section */

/* Begin PBXVariantGroup section */
		01DE483720A7AB70007FAAE3 /* Main.storyboard */ = {
			isa = PBXVariantGroup;
			children = (
				01DE483820A7AB70007FAAE3 /* Base */,
			);
			name = Main.storyboard;
			sourceTree = "<group>";
		};
		01DE483C20A7AB71007FAAE3 /* LaunchScreen.storyboard */ = {
			isa = PBXVariantGroup;
			children = (
				01DE483D20A7AB71007FAAE3 /* Base */,
			);
			name = LaunchScreen.storyboard;
			sourceTree = "<group>";
		};
/* End PBXVariantGroup section */

/* Begin XCBuildConfiguration section */
		01DE484020A7AB71007FAAE3 /* Debug */ = {
			isa = XCBuildConfiguration;
			buildSettings = {
				ALWAYS_SEARCH_USER_PATHS = NO;
				CLANG_ANALYZER_NONNULL = YES;
				CLANG_ANALYZER_NUMBER_OBJECT_CONVERSION = YES_AGGRESSIVE;
				CLANG_CXX_LANGUAGE_STANDARD = "gnu++14";
				CLANG_CXX_LIBRARY = "libc++";
				CLANG_ENABLE_MODULES = YES;
				CLANG_ENABLE_OBJC_ARC = YES;
				CLANG_ENABLE_OBJC_WEAK = YES;
				CLANG_WARN_BLOCK_CAPTURE_AUTORELEASING = YES;
				CLANG_WARN_BOOL_CONVERSION = YES;
				CLANG_WARN_COMMA = YES;
				CLANG_WARN_CONSTANT_CONVERSION = YES;
				CLANG_WARN_DEPRECATED_OBJC_IMPLEMENTATIONS = YES;
				CLANG_WARN_DIRECT_OBJC_ISA_USAGE = YES_ERROR;
				CLANG_WARN_DOCUMENTATION_COMMENTS = YES;
				CLANG_WARN_EMPTY_BODY = YES;
				CLANG_WARN_ENUM_CONVERSION = YES;
				CLANG_WARN_INFINITE_RECURSION = YES;
				CLANG_WARN_INT_CONVERSION = YES;
				CLANG_WARN_NON_LITERAL_NULL_CONVERSION = YES;
				CLANG_WARN_OBJC_IMPLICIT_RETAIN_SELF = YES;
				CLANG_WARN_OBJC_LITERAL_CONVERSION = YES;
				CLANG_WARN_OBJC_ROOT_CLASS = YES_ERROR;
				CLANG_WARN_RANGE_LOOP_ANALYSIS = YES;
				CLANG_WARN_STRICT_PROTOTYPES = YES;
				CLANG_WARN_SUSPICIOUS_MOVE = YES;
				CLANG_WARN_UNGUARDED_AVAILABILITY = YES_AGGRESSIVE;
				CLANG_WARN_UNREACHABLE_CODE = YES;
				CLANG_WARN__DUPLICATE_METHOD_MATCH = YES;
				CODE_SIGN_IDENTITY = "iPhone Developer";
				COPY_PHASE_STRIP = NO;
				DEBUG_INFORMATION_FORMAT = dwarf;
				ENABLE_STRICT_OBJC_MSGSEND = YES;
				ENABLE_TESTABILITY = YES;
				GCC_C_LANGUAGE_STANDARD = gnu11;
				GCC_DYNAMIC_NO_PIC = NO;
				GCC_NO_COMMON_BLOCKS = YES;
				GCC_OPTIMIZATION_LEVEL = 0;
				GCC_PREPROCESSOR_DEFINITIONS = (
					"DEBUG=1",
					"$(inherited)",
				);
				GCC_WARN_64_TO_32_BIT_CONVERSION = YES;
				GCC_WARN_ABOUT_RETURN_TYPE = YES_ERROR;
				GCC_WARN_UNDECLARED_SELECTOR = YES;
				GCC_WARN_UNINITIALIZED_AUTOS = YES_AGGRESSIVE;
				GCC_WARN_UNUSED_FUNCTION = YES;
				GCC_WARN_UNUSED_VARIABLE = YES;
				IPHONEOS_DEPLOYMENT_TARGET = 11.3;
				MTL_ENABLE_DEBUG_INFO = YES;
				ONLY_ACTIVE_ARCH = YES;
				SDKROOT = iphoneos;
				SWIFT_ACTIVE_COMPILATION_CONDITIONS = DEBUG;
				SWIFT_OPTIMIZATION_LEVEL = "-Onone";
			};
			name = Debug;
		};
		01DE484120A7AB71007FAAE3 /* Release */ = {
			isa = XCBuildConfiguration;
			buildSettings = {
				ALWAYS_SEARCH_USER_PATHS = NO;
				CLANG_ANALYZER_NONNULL = YES;
				CLANG_ANALYZER_NUMBER_OBJECT_CONVERSION = YES_AGGRESSIVE;
				CLANG_CXX_LANGUAGE_STANDARD = "gnu++14";
				CLANG_CXX_LIBRARY = "libc++";
				CLANG_ENABLE_MODULES = YES;
				CLANG_ENABLE_OBJC_ARC = YES;
				CLANG_ENABLE_OBJC_WEAK = YES;
				CLANG_WARN_BLOCK_CAPTURE_AUTORELEASING = YES;
				CLANG_WARN_BOOL_CONVERSION = YES;
				CLANG_WARN_COMMA = YES;
				CLANG_WARN_CONSTANT_CONVERSION = YES;
				CLANG_WARN_DEPRECATED_OBJC_IMPLEMENTATIONS = YES;
				CLANG_WARN_DIRECT_OBJC_ISA_USAGE = YES_ERROR;
				CLANG_WARN_DOCUMENTATION_COMMENTS = YES;
				CLANG_WARN_EMPTY_BODY = YES;
				CLANG_WARN_ENUM_CONVERSION = YES;
				CLANG_WARN_INFINITE_RECURSION = YES;
				CLANG_WARN_INT_CONVERSION = YES;
				CLANG_WARN_NON_LITERAL_NULL_CONVERSION = YES;
				CLANG_WARN_OBJC_IMPLICIT_RETAIN_SELF = YES;
				CLANG_WARN_OBJC_LITERAL_CONVERSION = YES;
				CLANG_WARN_OBJC_ROOT_CLASS = YES_ERROR;
				CLANG_WARN_RANGE_LOOP_ANALYSIS = YES;
				CLANG_WARN_STRICT_PROTOTYPES = YES;
				CLANG_WARN_SUSPICIOUS_MOVE = YES;
				CLANG_WARN_UNGUARDED_AVAILABILITY = YES_AGGRESSIVE;
				CLANG_WARN_UNREACHABLE_CODE = YES;
				CLANG_WARN__DUPLICATE_METHOD_MATCH = YES;
				CODE_SIGN_IDENTITY = "iPhone Developer";
				COPY_PHASE_STRIP = NO;
				DEBUG_INFORMATION_FORMAT = "dwarf-with-dsym";
				ENABLE_NS_ASSERTIONS = NO;
				ENABLE_STRICT_OBJC_MSGSEND = YES;
				GCC_C_LANGUAGE_STANDARD = gnu11;
				GCC_NO_COMMON_BLOCKS = YES;
				GCC_WARN_64_TO_32_BIT_CONVERSION = YES;
				GCC_WARN_ABOUT_RETURN_TYPE = YES_ERROR;
				GCC_WARN_UNDECLARED_SELECTOR = YES;
				GCC_WARN_UNINITIALIZED_AUTOS = YES_AGGRESSIVE;
				GCC_WARN_UNUSED_FUNCTION = YES;
				GCC_WARN_UNUSED_VARIABLE = YES;
				IPHONEOS_DEPLOYMENT_TARGET = 11.3;
				MTL_ENABLE_DEBUG_INFO = NO;
				SDKROOT = iphoneos;
				SWIFT_COMPILATION_MODE = wholemodule;
				SWIFT_OPTIMIZATION_LEVEL = "-O";
				VALIDATE_PRODUCT = YES;
			};
			name = Release;
		};
		01DE484320A7AB71007FAAE3 /* Debug */ = {
			isa = XCBuildConfiguration;
			buildSettings = {
				ASSETCATALOG_COMPILER_APPICON_NAME = AppIcon;
				CODE_SIGN_STYLE = Automatic;
				DEVELOPMENT_TEAM = WAN4D79W79;
				INFOPLIST_FILE = "$(SRCROOT)/Leash/Resources/Info.plist";
				LD_RUNPATH_SEARCH_PATHS = (
					"$(inherited)",
					"@executable_path/Frameworks",
				);
				PRODUCT_BUNDLE_IDENTIFIER = com.wesstpeak.Leash;
				PRODUCT_NAME = "$(TARGET_NAME)";
				SWIFT_VERSION = 4.0;
				TARGETED_DEVICE_FAMILY = "1,2";
			};
			name = Debug;
		};
		01DE484420A7AB71007FAAE3 /* Release */ = {
			isa = XCBuildConfiguration;
			buildSettings = {
				ASSETCATALOG_COMPILER_APPICON_NAME = AppIcon;
				CODE_SIGN_STYLE = Automatic;
				DEVELOPMENT_TEAM = WAN4D79W79;
				INFOPLIST_FILE = "$(SRCROOT)/Leash/Resources/Info.plist";
				LD_RUNPATH_SEARCH_PATHS = (
					"$(inherited)",
					"@executable_path/Frameworks",
				);
				PRODUCT_BUNDLE_IDENTIFIER = com.wesstpeak.Leash;
				PRODUCT_NAME = "$(TARGET_NAME)";
				SWIFT_VERSION = 4.0;
				TARGETED_DEVICE_FAMILY = "1,2";
			};
			name = Release;
		};
/* End XCBuildConfiguration section */

/* Begin XCConfigurationList section */
		01DE482B20A7AB70007FAAE3 /* Build configuration list for PBXProject "Leash" */ = {
			isa = XCConfigurationList;
			buildConfigurations = (
				01DE484020A7AB71007FAAE3 /* Debug */,
				01DE484120A7AB71007FAAE3 /* Release */,
			);
			defaultConfigurationIsVisible = 0;
			defaultConfigurationName = Release;
		};
		01DE484220A7AB71007FAAE3 /* Build configuration list for PBXNativeTarget "Leash" */ = {
			isa = XCConfigurationList;
			buildConfigurations = (
				01DE484320A7AB71007FAAE3 /* Debug */,
				01DE484420A7AB71007FAAE3 /* Release */,
			);
			defaultConfigurationIsVisible = 0;
			defaultConfigurationName = Release;
		};
/* End XCConfigurationList section */
	};
	rootObject = 01DE482820A7AB70007FAAE3 /* Project object */;
}
